
Microsoft Visual Studio Solution File, Format Version 12.00
# Visual Studio 15
VisualStudioVersion = 15.0.27130.2027
MinimumVisualStudioVersion = 10.0.40219.1
Project("{FAE04EC0-301F-11D3-BF4B-00C04F79EFBC}") = "LFSR", "LFSR\LFSR.csproj", "{7DC4CED0-FD6C-4217-9E50-72CD722AB7B2}"
EndProject
Global
	GlobalSection(SolutionConfigurationPlatforms) = preSolution
		Debug|Any CPU = Debug|Any CPU
		Release|Any CPU = Release|Any CPU
	EndGlobalSection
	GlobalSection(ProjectConfigurationPlatforms) = postSolution
		{7DC4CED0-FD6C-4217-9E50-72CD722AB7B2}.Debug|Any CPU.ActiveCfg = Debug|Any CPU
		{7DC4CED0-FD6C-4217-9E50-72CD722AB7B2}.Debug|Any CPU.Build.0 = Debug|Any CPU
		{7DC4CED0-FD6C-4217-9E50-72CD722AB7B2}.Release|Any CPU.ActiveCfg = Release|Any CPU
		{7DC4CED0-FD6C-4217-9E50-72CD722AB7B2}.Release|Any CPU.Build.0 = Release|Any CPU
	EndGlobalSection
	GlobalSection(SolutionProperties) = preSolution
		HideSolutionNode = FALSE
	EndGlobalSection
	GlobalSection(ExtensibilityGlobals) = postSolution
		SolutionGuid = {F95EF46E-923F-404F-8398-6672F82382A8}
	EndGlobalSection
EndGlobal
