
Microsoft Visual Studio Solution File, Format Version 12.00
# Visual Studio 15
VisualStudioVersion = 15.0.27130.2027
MinimumVisualStudioVersion = 10.0.40219.1
Project("{FAE04EC0-301F-11D3-BF4B-00C04F79EFBC}") = "WorkWithUsart", "WorkWithUsart\WorkWithUsart.csproj", "{D9C52A9A-01E7-4D46-A91D-F7CAABA49801}"
EndProject
Global
	GlobalSection(SolutionConfigurationPlatforms) = preSolution
		Debug|Any CPU = Debug|Any CPU
		Release|Any CPU = Release|Any CPU
	EndGlobalSection
	GlobalSection(ProjectConfigurationPlatforms) = postSolution
		{D9C52A9A-01E7-4D46-A91D-F7CAABA49801}.Debug|Any CPU.ActiveCfg = Debug|Any CPU
		{D9C52A9A-01E7-4D46-A91D-F7CAABA49801}.Debug|Any CPU.Build.0 = Debug|Any CPU
		{D9C52A9A-01E7-4D46-A91D-F7CAABA49801}.Release|Any CPU.ActiveCfg = Release|Any CPU
		{D9C52A9A-01E7-4D46-A91D-F7CAABA49801}.Release|Any CPU.Build.0 = Release|Any CPU
	EndGlobalSection
	GlobalSection(SolutionProperties) = preSolution
		HideSolutionNode = FALSE
	EndGlobalSection
	GlobalSection(ExtensibilityGlobals) = postSolution
		SolutionGuid = {B42D959D-12D2-4285-98F6-3343B5067F83}
	EndGlobalSection
EndGlobal
