
Microsoft Visual Studio Solution File, Format Version 12.00
# Visual Studio 15
VisualStudioVersion = 15.0.28307.168
MinimumVisualStudioVersion = 10.0.40219.1
Project("{FAE04EC0-301F-11D3-BF4B-00C04F79EFBC}") = "LeastSquaresMethod", "LeastSquaresMethod\LeastSquaresMethod.csproj", "{7F33623B-9FBF-4C42-A828-6C6BF7F84217}"
EndProject
Global
	GlobalSection(SolutionConfigurationPlatforms) = preSolution
		Debug|Any CPU = Debug|Any CPU
		Release|Any CPU = Release|Any CPU
	EndGlobalSection
	GlobalSection(ProjectConfigurationPlatforms) = postSolution
		{7F33623B-9FBF-4C42-A828-6C6BF7F84217}.Debug|Any CPU.ActiveCfg = Debug|Any CPU
		{7F33623B-9FBF-4C42-A828-6C6BF7F84217}.Debug|Any CPU.Build.0 = Debug|Any CPU
		{7F33623B-9FBF-4C42-A828-6C6BF7F84217}.Release|Any CPU.ActiveCfg = Release|Any CPU
		{7F33623B-9FBF-4C42-A828-6C6BF7F84217}.Release|Any CPU.Build.0 = Release|Any CPU
	EndGlobalSection
	GlobalSection(SolutionProperties) = preSolution
		HideSolutionNode = FALSE
	EndGlobalSection
	GlobalSection(ExtensibilityGlobals) = postSolution
		SolutionGuid = {93E1DCC8-71CC-430F-8605-FE32CD166A8C}
	EndGlobalSection
EndGlobal
