
Microsoft Visual Studio Solution File, Format Version 12.00
# Visual Studio 15
VisualStudioVersion = 15.0.27130.2027
MinimumVisualStudioVersion = 10.0.40219.1
Project("{FAE04EC0-301F-11D3-BF4B-00C04F79EFBC}") = "Lab5_Tree", "Lab5_Tree\Lab5_Tree.csproj", "{D3D56D8F-DD94-4241-A69F-99390D5A37ED}"
EndProject
Global
	GlobalSection(SolutionConfigurationPlatforms) = preSolution
		Debug|Any CPU = Debug|Any CPU
		Release|Any CPU = Release|Any CPU
	EndGlobalSection
	GlobalSection(ProjectConfigurationPlatforms) = postSolution
		{D3D56D8F-DD94-4241-A69F-99390D5A37ED}.Debug|Any CPU.ActiveCfg = Debug|Any CPU
		{D3D56D8F-DD94-4241-A69F-99390D5A37ED}.Debug|Any CPU.Build.0 = Debug|Any CPU
		{D3D56D8F-DD94-4241-A69F-99390D5A37ED}.Release|Any CPU.ActiveCfg = Release|Any CPU
		{D3D56D8F-DD94-4241-A69F-99390D5A37ED}.Release|Any CPU.Build.0 = Release|Any CPU
	EndGlobalSection
	GlobalSection(SolutionProperties) = preSolution
		HideSolutionNode = FALSE
	EndGlobalSection
	GlobalSection(ExtensibilityGlobals) = postSolution
		SolutionGuid = {4A9C3EEC-019E-4C71-B309-C7F95B978864}
	EndGlobalSection
EndGlobal
